// !$*UTF8*$!
{
	archiveVersion = 1;
	classes = {
	};
	objectVersion = 51;
	objects = {

/* Begin PBXBuildFile section */
		840100A32338F4EC00AD7B1B /* NotesTableViewController.swift in Sources */ = {isa = PBXBuildFile; fileRef = 840100A22338F4EC00AD7B1B /* NotesTableViewController.swift */; };
		840100A52338F52D00AD7B1B /* SeedNote.swift in Sources */ = {isa = PBXBuildFile; fileRef = 840100A42338F52D00AD7B1B /* SeedNote.swift */; };
		8405D4A723419236004CF4BB /* AppThemeColors.swift in Sources */ = {isa = PBXBuildFile; fileRef = 8405D4A623419236004CF4BB /* AppThemeColors.swift */; };
		841DF34423359FC900D20B08 /* AppDelegate.swift in Sources */ = {isa = PBXBuildFile; fileRef = 841DF34323359FC900D20B08 /* AppDelegate.swift */; };
		841DF34623359FC900D20B08 /* LibraryViewController.swift in Sources */ = {isa = PBXBuildFile; fileRef = 841DF34523359FC900D20B08 /* LibraryViewController.swift */; };
		841DF34923359FC900D20B08 /* Main.storyboard in Resources */ = {isa = PBXBuildFile; fileRef = 841DF34723359FC900D20B08 /* Main.storyboard */; };
		841DF34B23359FCB00D20B08 /* Assets.xcassets in Resources */ = {isa = PBXBuildFile; fileRef = 841DF34A23359FCB00D20B08 /* Assets.xcassets */; };
		841DF34E23359FCB00D20B08 /* LaunchScreen.storyboard in Resources */ = {isa = PBXBuildFile; fileRef = 841DF34C23359FCB00D20B08 /* LaunchScreen.storyboard */; };
		841DF3562335AAB700D20B08 /* Plant.swift in Sources */ = {isa = PBXBuildFile; fileRef = 841DF3552335AAB700D20B08 /* Plant.swift */; };
		841DF3582335ACC700D20B08 /* PlantsArrayManager.swift in Sources */ = {isa = PBXBuildFile; fileRef = 841DF3572335ACC700D20B08 /* PlantsArrayManager.swift */; };
		842149B0233DB137006CA704 /* PagingViewController.swift in Sources */ = {isa = PBXBuildFile; fileRef = 842149AF233DB137006CA704 /* PagingViewController.swift */; };
		842149B2233DB27F006CA704 /* InformationViewController.swift in Sources */ = {isa = PBXBuildFile; fileRef = 842149B1233DB27F006CA704 /* InformationViewController.swift */; };
		84378ADD235CBD53007C657E /* LibraryTableViewDataManager.swift in Sources */ = {isa = PBXBuildFile; fileRef = 84378ADC235CBD53007C657E /* LibraryTableViewDataManager.swift */; };
		844683A12353735000A4C12C /* LibraryTableViewCell.swift in Sources */ = {isa = PBXBuildFile; fileRef = 844683A02353735000A4C12C /* LibraryTableViewCell.swift */; };
		845780F123383D55004EEAD1 /* DatePickerViewController.swift in Sources */ = {isa = PBXBuildFile; fileRef = 845780F023383D55004EEAD1 /* DatePickerViewController.swift */; };
		847B6EF8233714FC00BEFFC4 /* InformationView.swift in Sources */ = {isa = PBXBuildFile; fileRef = 847B6EF7233714FC00BEFFC4 /* InformationView.swift */; };
		8485E59A234C9581001ABEB9 /* DateCounterManager.swift in Sources */ = {isa = PBXBuildFile; fileRef = 8485E599234C9581001ABEB9 /* DateCounterManager.swift */; };
		848E8CF1233B080400C663D0 /* ChartViewController.swift in Sources */ = {isa = PBXBuildFile; fileRef = 848E8CF0233B080400C663D0 /* ChartViewController.swift */; };
		84902E862347A78A0032E9D2 /* EventDatesTableViewController.swift in Sources */ = {isa = PBXBuildFile; fileRef = 84902E852347A78A0032E9D2 /* EventDatesTableViewController.swift */; };
		84982F9B234B466C000AA023 /* EventDatesTableViewCell.swift in Sources */ = {isa = PBXBuildFile; fileRef = 84982F9A234B466C000AA023 /* EventDatesTableViewCell.swift */; };
		84B63CA82339B54B0064444C /* EditNoteViewController.swift in Sources */ = {isa = PBXBuildFile; fileRef = 84B63CA72339B54B0064444C /* EditNoteViewController.swift */; };
		84B63CAA2339B55C0064444C /* EditNoteView.swift in Sources */ = {isa = PBXBuildFile; fileRef = 84B63CA92339B55C0064444C /* EditNoteView.swift */; };
		84D3BDD92358AD6D0061D9C3 /* Log.swift in Sources */ = {isa = PBXBuildFile; fileRef = 84D3BDD82358AD6D0061D9C3 /* Log.swift */; };
		FD1B73EA73842028A2F51E2E /* Pods_Germination_Tracker.framework in Frameworks */ = {isa = PBXBuildFile; fileRef = A32EC6AB9316DFB8B8D6E36C /* Pods_Germination_Tracker.framework */; };
/* End PBXBuildFile section */

/* Begin PBXFileReference section */
		840100A22338F4EC00AD7B1B /* NotesTableViewController.swift */ = {isa = PBXFileReference; lastKnownFileType = sourcecode.swift; path = NotesTableViewController.swift; sourceTree = "<group>"; };
		840100A42338F52D00AD7B1B /* SeedNote.swift */ = {isa = PBXFileReference; lastKnownFileType = sourcecode.swift; path = SeedNote.swift; sourceTree = "<group>"; };
		8405D4A623419236004CF4BB /* AppThemeColors.swift */ = {isa = PBXFileReference; lastKnownFileType = sourcecode.swift; path = AppThemeColors.swift; sourceTree = "<group>"; };
		841DF34023359FC900D20B08 /* Germination Tracker.app */ = {isa = PBXFileReference; explicitFileType = wrapper.application; includeInIndex = 0; path = "Germination Tracker.app"; sourceTree = BUILT_PRODUCTS_DIR; };
		841DF34323359FC900D20B08 /* AppDelegate.swift */ = {isa = PBXFileReference; lastKnownFileType = sourcecode.swift; path = AppDelegate.swift; sourceTree = "<group>"; };
		841DF34523359FC900D20B08 /* LibraryViewController.swift */ = {isa = PBXFileReference; lastKnownFileType = sourcecode.swift; path = LibraryViewController.swift; sourceTree = "<group>"; };
		841DF34823359FC900D20B08 /* Base */ = {isa = PBXFileReference; lastKnownFileType = file.storyboard; name = Base; path = Base.lproj/Main.storyboard; sourceTree = "<group>"; };
		841DF34A23359FCB00D20B08 /* Assets.xcassets */ = {isa = PBXFileReference; lastKnownFileType = folder.assetcatalog; path = Assets.xcassets; sourceTree = "<group>"; };
		841DF34D23359FCB00D20B08 /* Base */ = {isa = PBXFileReference; lastKnownFileType = file.storyboard; name = Base; path = Base.lproj/LaunchScreen.storyboard; sourceTree = "<group>"; };
		841DF34F23359FCB00D20B08 /* Info.plist */ = {isa = PBXFileReference; lastKnownFileType = text.plist.xml; path = Info.plist; sourceTree = "<group>"; };
		841DF3552335AAB700D20B08 /* Plant.swift */ = {isa = PBXFileReference; lastKnownFileType = sourcecode.swift; path = Plant.swift; sourceTree = "<group>"; };
		841DF3572335ACC700D20B08 /* PlantsArrayManager.swift */ = {isa = PBXFileReference; lastKnownFileType = sourcecode.swift; path = PlantsArrayManager.swift; sourceTree = "<group>"; };
		842149AF233DB137006CA704 /* PagingViewController.swift */ = {isa = PBXFileReference; lastKnownFileType = sourcecode.swift; path = PagingViewController.swift; sourceTree = "<group>"; };
		842149B1233DB27F006CA704 /* InformationViewController.swift */ = {isa = PBXFileReference; lastKnownFileType = sourcecode.swift; path = InformationViewController.swift; sourceTree = "<group>"; };
		84378ADC235CBD53007C657E /* LibraryTableViewDataManager.swift */ = {isa = PBXFileReference; lastKnownFileType = sourcecode.swift; name = LibraryTableViewDataManager.swift; path = "Germination Tracker/Models/LibraryTableViewDataManager.swift"; sourceTree = SOURCE_ROOT; };
		844683A02353735000A4C12C /* LibraryTableViewCell.swift */ = {isa = PBXFileReference; lastKnownFileType = sourcecode.swift; path = LibraryTableViewCell.swift; sourceTree = "<group>"; };
		845780F023383D55004EEAD1 /* DatePickerViewController.swift */ = {isa = PBXFileReference; lastKnownFileType = sourcecode.swift; path = DatePickerViewController.swift; sourceTree = "<group>"; };
		847B6EF7233714FC00BEFFC4 /* InformationView.swift */ = {isa = PBXFileReference; lastKnownFileType = sourcecode.swift; path = InformationView.swift; sourceTree = "<group>"; };
		8485E599234C9581001ABEB9 /* DateCounterManager.swift */ = {isa = PBXFileReference; lastKnownFileType = sourcecode.swift; path = DateCounterManager.swift; sourceTree = "<group>"; };
		848E8CF0233B080400C663D0 /* ChartViewController.swift */ = {isa = PBXFileReference; lastKnownFileType = sourcecode.swift; path = ChartViewController.swift; sourceTree = "<group>"; };
		84902E852347A78A0032E9D2 /* EventDatesTableViewController.swift */ = {isa = PBXFileReference; lastKnownFileType = sourcecode.swift; name = EventDatesTableViewController.swift; path = "Germination Tracker/View Controllers/EventDatesTableViewController.swift"; sourceTree = SOURCE_ROOT; };
		84982F9A234B466C000AA023 /* EventDatesTableViewCell.swift */ = {isa = PBXFileReference; lastKnownFileType = sourcecode.swift; path = EventDatesTableViewCell.swift; sourceTree = "<group>"; };
		84B63CA72339B54B0064444C /* EditNoteViewController.swift */ = {isa = PBXFileReference; lastKnownFileType = sourcecode.swift; path = EditNoteViewController.swift; sourceTree = "<group>"; };
		84B63CA92339B55C0064444C /* EditNoteView.swift */ = {isa = PBXFileReference; lastKnownFileType = sourcecode.swift; path = EditNoteView.swift; sourceTree = "<group>"; };
		84D3BDD82358AD6D0061D9C3 /* Log.swift */ = {isa = PBXFileReference; lastKnownFileType = sourcecode.swift; path = Log.swift; sourceTree = "<group>"; };
		8AF7233A6627F2216CC4ACD7 /* Pods-Germination Tracker.debug.xcconfig */ = {isa = PBXFileReference; includeInIndex = 1; lastKnownFileType = text.xcconfig; name = "Pods-Germination Tracker.debug.xcconfig"; path = "Target Support Files/Pods-Germination Tracker/Pods-Germination Tracker.debug.xcconfig"; sourceTree = "<group>"; };
		8DBB20544F06CC20347A6E10 /* Pods-Germination Tracker.release.xcconfig */ = {isa = PBXFileReference; includeInIndex = 1; lastKnownFileType = text.xcconfig; name = "Pods-Germination Tracker.release.xcconfig"; path = "Target Support Files/Pods-Germination Tracker/Pods-Germination Tracker.release.xcconfig"; sourceTree = "<group>"; };
		A32EC6AB9316DFB8B8D6E36C /* Pods_Germination_Tracker.framework */ = {isa = PBXFileReference; explicitFileType = wrapper.framework; includeInIndex = 0; path = Pods_Germination_Tracker.framework; sourceTree = BUILT_PRODUCTS_DIR; };
/* End PBXFileReference section */

/* Begin PBXFrameworksBuildPhase section */
		841DF33D23359FC900D20B08 /* Frameworks */ = {
			isa = PBXFrameworksBuildPhase;
			buildActionMask = 2147483647;
			files = (
				FD1B73EA73842028A2F51E2E /* Pods_Germination_Tracker.framework in Frameworks */,
			);
			runOnlyForDeploymentPostprocessing = 0;
		};
/* End PBXFrameworksBuildPhase section */

/* Begin PBXGroup section */
		841DF33723359FC900D20B08 = {
			isa = PBXGroup;
			children = (
				841DF34223359FC900D20B08 /* Germination Tracker */,
				841DF34123359FC900D20B08 /* Products */,
				D615FDE04AEB6FAD7724A321 /* Pods */,
				E67F7DE475D469E9F1BB4F91 /* Frameworks */,
			);
			sourceTree = "<group>";
		};
		841DF34123359FC900D20B08 /* Products */ = {
			isa = PBXGroup;
			children = (
				841DF34023359FC900D20B08 /* Germination Tracker.app */,
			);
			name = Products;
			sourceTree = "<group>";
		};
		841DF34223359FC900D20B08 /* Germination Tracker */ = {
			isa = PBXGroup;
			children = (
				841DF34F23359FCB00D20B08 /* Info.plist */,
				84D3BDD72358ACD50061D9C3 /* Supporting Files */,
				849CA3292336E78200505FE9 /* View Controllers */,
				849CA3282336E77400505FE9 /* Models */,
				849CA32A2336E91600505FE9 /* Views */,
			);
			path = "Germination Tracker";
			sourceTree = "<group>";
		};
		849CA3282336E77400505FE9 /* Models */ = {
			isa = PBXGroup;
			children = (
				84378ADC235CBD53007C657E /* LibraryTableViewDataManager.swift */,
				841DF3572335ACC700D20B08 /* PlantsArrayManager.swift */,
				841DF3552335AAB700D20B08 /* Plant.swift */,
				840100A42338F52D00AD7B1B /* SeedNote.swift */,
				8485E599234C9581001ABEB9 /* DateCounterManager.swift */,
			);
			path = Models;
			sourceTree = "<group>";
		};
		849CA3292336E78200505FE9 /* View Controllers */ = {
			isa = PBXGroup;
			children = (
				841DF34523359FC900D20B08 /* LibraryViewController.swift */,
				842149AF233DB137006CA704 /* PagingViewController.swift */,
				842149B1233DB27F006CA704 /* InformationViewController.swift */,
				840100A22338F4EC00AD7B1B /* NotesTableViewController.swift */,
				848E8CF0233B080400C663D0 /* ChartViewController.swift */,
				845780F023383D55004EEAD1 /* DatePickerViewController.swift */,
				84B63CA72339B54B0064444C /* EditNoteViewController.swift */,
				84902E852347A78A0032E9D2 /* EventDatesTableViewController.swift */,
			);
			path = "View Controllers";
			sourceTree = "<group>";
		};
		849CA32A2336E91600505FE9 /* Views */ = {
			isa = PBXGroup;
			children = (
				844683A02353735000A4C12C /* LibraryTableViewCell.swift */,
				84982F9A234B466C000AA023 /* EventDatesTableViewCell.swift */,
				847B6EF7233714FC00BEFFC4 /* InformationView.swift */,
				84B63CA92339B55C0064444C /* EditNoteView.swift */,
				841DF34723359FC900D20B08 /* Main.storyboard */,
				841DF34C23359FCB00D20B08 /* LaunchScreen.storyboard */,
				8405D4A623419236004CF4BB /* AppThemeColors.swift */,
			);
			path = Views;
			sourceTree = "<group>";
		};
		84D3BDD72358ACD50061D9C3 /* Supporting Files */ = {
			isa = PBXGroup;
			children = (
				841DF34A23359FCB00D20B08 /* Assets.xcassets */,
				841DF34323359FC900D20B08 /* AppDelegate.swift */,
				84D3BDD82358AD6D0061D9C3 /* Log.swift */,
			);
			path = "Supporting Files";
			sourceTree = "<group>";
		};
		D615FDE04AEB6FAD7724A321 /* Pods */ = {
			isa = PBXGroup;
			children = (
				8AF7233A6627F2216CC4ACD7 /* Pods-Germination Tracker.debug.xcconfig */,
				8DBB20544F06CC20347A6E10 /* Pods-Germination Tracker.release.xcconfig */,
			);
			path = Pods;
			sourceTree = "<group>";
		};
		E67F7DE475D469E9F1BB4F91 /* Frameworks */ = {
			isa = PBXGroup;
			children = (
				A32EC6AB9316DFB8B8D6E36C /* Pods_Germination_Tracker.framework */,
			);
			name = Frameworks;
			sourceTree = "<group>";
		};
/* End PBXGroup section */

/* Begin PBXNativeTarget section */
		841DF33F23359FC900D20B08 /* Germination Tracker */ = {
			isa = PBXNativeTarget;
			buildConfigurationList = 841DF35223359FCB00D20B08 /* Build configuration list for PBXNativeTarget "Germination Tracker" */;
			buildPhases = (
				C3278D615344A01781EF7242 /* [CP] Check Pods Manifest.lock */,
				841DF33C23359FC900D20B08 /* Sources */,
				841DF33D23359FC900D20B08 /* Frameworks */,
				841DF33E23359FC900D20B08 /* Resources */,
				4C70FBD03D09EB89BF37D19E /* [CP] Embed Pods Frameworks */,
			);
			buildRules = (
			);
			dependencies = (
			);
			name = "Germination Tracker";
			productName = "Germination Tracker";
			productReference = 841DF34023359FC900D20B08 /* Germination Tracker.app */;
			productType = "com.apple.product-type.application";
		};
/* End PBXNativeTarget section */

/* Begin PBXProject section */
		841DF33823359FC900D20B08 /* Project object */ = {
			isa = PBXProject;
			attributes = {
				LastSwiftUpdateCheck = 1030;
				LastUpgradeCheck = 1030;
				ORGANIZATIONNAME = "Joshua Cook";
				TargetAttributes = {
					841DF33F23359FC900D20B08 = {
						CreatedOnToolsVersion = 10.3;
					};
				};
			};
			buildConfigurationList = 841DF33B23359FC900D20B08 /* Build configuration list for PBXProject "Germination Tracker" */;
			compatibilityVersion = "Xcode 9.3";
			developmentRegion = en;
			hasScannedForEncodings = 0;
			knownRegions = (
				en,
				Base,
			);
			mainGroup = 841DF33723359FC900D20B08;
			productRefGroup = 841DF34123359FC900D20B08 /* Products */;
			projectDirPath = "";
			projectRoot = "";
			targets = (
				841DF33F23359FC900D20B08 /* Germination Tracker */,
			);
		};
/* End PBXProject section */

/* Begin PBXResourcesBuildPhase section */
		841DF33E23359FC900D20B08 /* Resources */ = {
			isa = PBXResourcesBuildPhase;
			buildActionMask = 2147483647;
			files = (
				841DF34E23359FCB00D20B08 /* LaunchScreen.storyboard in Resources */,
				841DF34B23359FCB00D20B08 /* Assets.xcassets in Resources */,
				841DF34923359FC900D20B08 /* Main.storyboard in Resources */,
			);
			runOnlyForDeploymentPostprocessing = 0;
		};
/* End PBXResourcesBuildPhase section */

/* Begin PBXShellScriptBuildPhase section */
		4C70FBD03D09EB89BF37D19E /* [CP] Embed Pods Frameworks */ = {
			isa = PBXShellScriptBuildPhase;
			buildActionMask = 2147483647;
			files = (
			);
			inputFileListPaths = (
				"${PODS_ROOT}/Target Support Files/Pods-Germination Tracker/Pods-Germination Tracker-frameworks-${CONFIGURATION}-input-files.xcfilelist",
			);
			name = "[CP] Embed Pods Frameworks";
			outputFileListPaths = (
				"${PODS_ROOT}/Target Support Files/Pods-Germination Tracker/Pods-Germination Tracker-frameworks-${CONFIGURATION}-output-files.xcfilelist",
			);
			runOnlyForDeploymentPostprocessing = 0;
			shellPath = /bin/sh;
			shellScript = "\"${PODS_ROOT}/Target Support Files/Pods-Germination Tracker/Pods-Germination Tracker-frameworks.sh\"\n";
			showEnvVarsInLog = 0;
		};
		C3278D615344A01781EF7242 /* [CP] Check Pods Manifest.lock */ = {
			isa = PBXShellScriptBuildPhase;
			buildActionMask = 2147483647;
			files = (
			);
			inputFileListPaths = (
			);
			inputPaths = (
				"${PODS_PODFILE_DIR_PATH}/Podfile.lock",
				"${PODS_ROOT}/Manifest.lock",
			);
			name = "[CP] Check Pods Manifest.lock";
			outputFileListPaths = (
			);
			outputPaths = (
				"$(DERIVED_FILE_DIR)/Pods-Germination Tracker-checkManifestLockResult.txt",
			);
			runOnlyForDeploymentPostprocessing = 0;
			shellPath = /bin/sh;
			shellScript = "diff \"${PODS_PODFILE_DIR_PATH}/Podfile.lock\" \"${PODS_ROOT}/Manifest.lock\" > /dev/null\nif [ $? != 0 ] ; then\n    # print error to STDERR\n    echo \"error: The sandbox is not in sync with the Podfile.lock. Run 'pod install' or update your CocoaPods installation.\" >&2\n    exit 1\nfi\n# This output is used by Xcode 'outputs' to avoid re-running this script phase.\necho \"SUCCESS\" > \"${SCRIPT_OUTPUT_FILE_0}\"\n";
			showEnvVarsInLog = 0;
		};
/* End PBXShellScriptBuildPhase section */

/* Begin PBXSourcesBuildPhase section */
		841DF33C23359FC900D20B08 /* Sources */ = {
			isa = PBXSourcesBuildPhase;
			buildActionMask = 2147483647;
			files = (
				8405D4A723419236004CF4BB /* AppThemeColors.swift in Sources */,
				841DF34623359FC900D20B08 /* LibraryViewController.swift in Sources */,
				848E8CF1233B080400C663D0 /* ChartViewController.swift in Sources */,
				840100A52338F52D00AD7B1B /* SeedNote.swift in Sources */,
				845780F123383D55004EEAD1 /* DatePickerViewController.swift in Sources */,
				844683A12353735000A4C12C /* LibraryTableViewCell.swift in Sources */,
				8485E59A234C9581001ABEB9 /* DateCounterManager.swift in Sources */,
				841DF3562335AAB700D20B08 /* Plant.swift in Sources */,
				84378ADD235CBD53007C657E /* LibraryTableViewDataManager.swift in Sources */,
				84B63CAA2339B55C0064444C /* EditNoteView.swift in Sources */,
				84982F9B234B466C000AA023 /* EventDatesTableViewCell.swift in Sources */,
				847B6EF8233714FC00BEFFC4 /* InformationView.swift in Sources */,
				842149B0233DB137006CA704 /* PagingViewController.swift in Sources */,
				841DF34423359FC900D20B08 /* AppDelegate.swift in Sources */,
				841DF3582335ACC700D20B08 /* PlantsArrayManager.swift in Sources */,
				84D3BDD92358AD6D0061D9C3 /* Log.swift in Sources */,
				840100A32338F4EC00AD7B1B /* NotesTableViewController.swift in Sources */,
				84B63CA82339B54B0064444C /* EditNoteViewController.swift in Sources */,
				84902E862347A78A0032E9D2 /* EventDatesTableViewController.swift in Sources */,
				842149B2233DB27F006CA704 /* InformationViewController.swift in Sources */,
			);
			runOnlyForDeploymentPostprocessing = 0;
		};
/* End PBXSourcesBuildPhase section */

/* Begin PBXVariantGroup section */
		841DF34723359FC900D20B08 /* Main.storyboard */ = {
			isa = PBXVariantGroup;
			children = (
				841DF34823359FC900D20B08 /* Base */,
			);
			name = Main.storyboard;
			sourceTree = "<group>";
		};
		841DF34C23359FCB00D20B08 /* LaunchScreen.storyboard */ = {
			isa = PBXVariantGroup;
			children = (
				841DF34D23359FCB00D20B08 /* Base */,
			);
			name = LaunchScreen.storyboard;
			sourceTree = "<group>";
		};
/* End PBXVariantGroup section */

/* Begin XCBuildConfiguration section */
		841DF35023359FCB00D20B08 /* Debug */ = {
			isa = XCBuildConfiguration;
			buildSettings = {
				ALWAYS_SEARCH_USER_PATHS = NO;
				CLANG_ANALYZER_NONNULL = YES;
				CLANG_ANALYZER_NUMBER_OBJECT_CONVERSION = YES_AGGRESSIVE;
				CLANG_CXX_LANGUAGE_STANDARD = "gnu++14";
				CLANG_CXX_LIBRARY = "libc++";
				CLANG_ENABLE_MODULES = YES;
				CLANG_ENABLE_OBJC_ARC = YES;
				CLANG_ENABLE_OBJC_WEAK = YES;
				CLANG_WARN_BLOCK_CAPTURE_AUTORELEASING = YES;
				CLANG_WARN_BOOL_CONVERSION = YES;
				CLANG_WARN_COMMA = YES;
				CLANG_WARN_CONSTANT_CONVERSION = YES;
				CLANG_WARN_DEPRECATED_OBJC_IMPLEMENTATIONS = YES;
				CLANG_WARN_DIRECT_OBJC_ISA_USAGE = YES_ERROR;
				CLANG_WARN_DOCUMENTATION_COMMENTS = YES;
				CLANG_WARN_EMPTY_BODY = YES;
				CLANG_WARN_ENUM_CONVERSION = YES;
				CLANG_WARN_INFINITE_RECURSION = YES;
				CLANG_WARN_INT_CONVERSION = YES;
				CLANG_WARN_NON_LITERAL_NULL_CONVERSION = YES;
				CLANG_WARN_OBJC_IMPLICIT_RETAIN_SELF = YES;
				CLANG_WARN_OBJC_LITERAL_CONVERSION = YES;
				CLANG_WARN_OBJC_ROOT_CLASS = YES_ERROR;
				CLANG_WARN_RANGE_LOOP_ANALYSIS = YES;
				CLANG_WARN_STRICT_PROTOTYPES = YES;
				CLANG_WARN_SUSPICIOUS_MOVE = YES;
				CLANG_WARN_UNGUARDED_AVAILABILITY = YES_AGGRESSIVE;
				CLANG_WARN_UNREACHABLE_CODE = YES;
				CLANG_WARN__DUPLICATE_METHOD_MATCH = YES;
				CODE_SIGN_IDENTITY = "iPhone Developer";
				COPY_PHASE_STRIP = NO;
				DEBUG_INFORMATION_FORMAT = dwarf;
				ENABLE_STRICT_OBJC_MSGSEND = YES;
				ENABLE_TESTABILITY = YES;
				GCC_C_LANGUAGE_STANDARD = gnu11;
				GCC_DYNAMIC_NO_PIC = NO;
				GCC_NO_COMMON_BLOCKS = YES;
				GCC_OPTIMIZATION_LEVEL = 0;
				GCC_PREPROCESSOR_DEFINITIONS = (
					"DEBUG=1",
					"$(inherited)",
				);
				GCC_WARN_64_TO_32_BIT_CONVERSION = YES;
				GCC_WARN_ABOUT_RETURN_TYPE = YES_ERROR;
				GCC_WARN_UNDECLARED_SELECTOR = YES;
				GCC_WARN_UNINITIALIZED_AUTOS = YES_AGGRESSIVE;
				GCC_WARN_UNUSED_FUNCTION = YES;
				GCC_WARN_UNUSED_VARIABLE = YES;
				IPHONEOS_DEPLOYMENT_TARGET = 12.4;
				MTL_ENABLE_DEBUG_INFO = INCLUDE_SOURCE;
				MTL_FAST_MATH = YES;
				ONLY_ACTIVE_ARCH = YES;
				SDKROOT = iphoneos;
				SWIFT_ACTIVE_COMPILATION_CONDITIONS = DEBUG;
				SWIFT_OPTIMIZATION_LEVEL = "-Onone";
			};
			name = Debug;
		};
		841DF35123359FCB00D20B08 /* Release */ = {
			isa = XCBuildConfiguration;
			buildSettings = {
				ALWAYS_SEARCH_USER_PATHS = NO;
				CLANG_ANALYZER_NONNULL = YES;
				CLANG_ANALYZER_NUMBER_OBJECT_CONVERSION = YES_AGGRESSIVE;
				CLANG_CXX_LANGUAGE_STANDARD = "gnu++14";
				CLANG_CXX_LIBRARY = "libc++";
				CLANG_ENABLE_MODULES = YES;
				CLANG_ENABLE_OBJC_ARC = YES;
				CLANG_ENABLE_OBJC_WEAK = YES;
				CLANG_WARN_BLOCK_CAPTURE_AUTORELEASING = YES;
				CLANG_WARN_BOOL_CONVERSION = YES;
				CLANG_WARN_COMMA = YES;
				CLANG_WARN_CONSTANT_CONVERSION = YES;
				CLANG_WARN_DEPRECATED_OBJC_IMPLEMENTATIONS = YES;
				CLANG_WARN_DIRECT_OBJC_ISA_USAGE = YES_ERROR;
				CLANG_WARN_DOCUMENTATION_COMMENTS = YES;
				CLANG_WARN_EMPTY_BODY = YES;
				CLANG_WARN_ENUM_CONVERSION = YES;
				CLANG_WARN_INFINITE_RECURSION = YES;
				CLANG_WARN_INT_CONVERSION = YES;
				CLANG_WARN_NON_LITERAL_NULL_CONVERSION = YES;
				CLANG_WARN_OBJC_IMPLICIT_RETAIN_SELF = YES;
				CLANG_WARN_OBJC_LITERAL_CONVERSION = YES;
				CLANG_WARN_OBJC_ROOT_CLASS = YES_ERROR;
				CLANG_WARN_RANGE_LOOP_ANALYSIS = YES;
				CLANG_WARN_STRICT_PROTOTYPES = YES;
				CLANG_WARN_SUSPICIOUS_MOVE = YES;
				CLANG_WARN_UNGUARDED_AVAILABILITY = YES_AGGRESSIVE;
				CLANG_WARN_UNREACHABLE_CODE = YES;
				CLANG_WARN__DUPLICATE_METHOD_MATCH = YES;
				CODE_SIGN_IDENTITY = "iPhone Developer";
				COPY_PHASE_STRIP = NO;
				DEBUG_INFORMATION_FORMAT = "dwarf-with-dsym";
				ENABLE_NS_ASSERTIONS = NO;
				ENABLE_STRICT_OBJC_MSGSEND = YES;
				GCC_C_LANGUAGE_STANDARD = gnu11;
				GCC_NO_COMMON_BLOCKS = YES;
				GCC_WARN_64_TO_32_BIT_CONVERSION = YES;
				GCC_WARN_ABOUT_RETURN_TYPE = YES_ERROR;
				GCC_WARN_UNDECLARED_SELECTOR = YES;
				GCC_WARN_UNINITIALIZED_AUTOS = YES_AGGRESSIVE;
				GCC_WARN_UNUSED_FUNCTION = YES;
				GCC_WARN_UNUSED_VARIABLE = YES;
				IPHONEOS_DEPLOYMENT_TARGET = 12.4;
				MTL_ENABLE_DEBUG_INFO = NO;
				MTL_FAST_MATH = YES;
				SDKROOT = iphoneos;
				SWIFT_COMPILATION_MODE = wholemodule;
				SWIFT_OPTIMIZATION_LEVEL = "-O";
				VALIDATE_PRODUCT = YES;
			};
			name = Release;
		};
		841DF35323359FCB00D20B08 /* Debug */ = {
			isa = XCBuildConfiguration;
			baseConfigurationReference = 8AF7233A6627F2216CC4ACD7 /* Pods-Germination Tracker.debug.xcconfig */;
			buildSettings = {
				ASSETCATALOG_COMPILER_APPICON_NAME = AppIcon;
				CODE_SIGN_STYLE = Automatic;
				DEVELOPMENT_TEAM = CRMHYJ9F9F;
				INFOPLIST_FILE = "Germination Tracker/Info.plist";
				IPHONEOS_DEPLOYMENT_TARGET = 12.0;
				LD_RUNPATH_SEARCH_PATHS = (
					"$(inherited)",
					"@executable_path/Frameworks",
				);
				PRODUCT_BUNDLE_IDENTIFIER = "com.joshuacook.Germination-Tracker";
				PRODUCT_NAME = "$(TARGET_NAME)";
				SWIFT_VERSION = 5.0;
				TARGETED_DEVICE_FAMILY = "1,2";
			};
			name = Debug;
		};
		841DF35423359FCB00D20B08 /* Release */ = {
			isa = XCBuildConfiguration;
			baseConfigurationReference = 8DBB20544F06CC20347A6E10 /* Pods-Germination Tracker.release.xcconfig */;
			buildSettings = {
				ASSETCATALOG_COMPILER_APPICON_NAME = AppIcon;
				CODE_SIGN_STYLE = Automatic;
				DEVELOPMENT_TEAM = CRMHYJ9F9F;
				INFOPLIST_FILE = "Germination Tracker/Info.plist";
				IPHONEOS_DEPLOYMENT_TARGET = 12.0;
				LD_RUNPATH_SEARCH_PATHS = (
					"$(inherited)",
					"@executable_path/Frameworks",
				);
				PRODUCT_BUNDLE_IDENTIFIER = "com.joshuacook.Germination-Tracker";
				PRODUCT_NAME = "$(TARGET_NAME)";
				SWIFT_VERSION = 5.0;
				TARGETED_DEVICE_FAMILY = "1,2";
			};
			name = Release;
		};
/* End XCBuildConfiguration section */

/* Begin XCConfigurationList section */
		841DF33B23359FC900D20B08 /* Build configuration list for PBXProject "Germination Tracker" */ = {
			isa = XCConfigurationList;
			buildConfigurations = (
				841DF35023359FCB00D20B08 /* Debug */,
				841DF35123359FCB00D20B08 /* Release */,
			);
			defaultConfigurationIsVisible = 0;
			defaultConfigurationName = Release;
		};
		841DF35223359FCB00D20B08 /* Build configuration list for PBXNativeTarget "Germination Tracker" */ = {
			isa = XCConfigurationList;
			buildConfigurations = (
				841DF35323359FCB00D20B08 /* Debug */,
				841DF35423359FCB00D20B08 /* Release */,
			);
			defaultConfigurationIsVisible = 0;
			defaultConfigurationName = Release;
		};
/* End XCConfigurationList section */
	};
	rootObject = 841DF33823359FC900D20B08 /* Project object */;
}
