// !$*UTF8*$!
{
	archiveVersion = 1;
	classes = {
	};
	objectVersion = 50;
	objects = {

/* Begin PBXBuildFile section */
		841DF34423359FC900D20B08 /* AppDelegate.swift in Sources */ = {isa = PBXBuildFile; fileRef = 841DF34323359FC900D20B08 /* AppDelegate.swift */; };
		841DF34623359FC900D20B08 /* LibraryViewController.swift in Sources */ = {isa = PBXBuildFile; fileRef = 841DF34523359FC900D20B08 /* LibraryViewController.swift */; };
		841DF34923359FC900D20B08 /* Main.storyboard in Resources */ = {isa = PBXBuildFile; fileRef = 841DF34723359FC900D20B08 /* Main.storyboard */; };
		841DF34B23359FCB00D20B08 /* Assets.xcassets in Resources */ = {isa = PBXBuildFile; fileRef = 841DF34A23359FCB00D20B08 /* Assets.xcassets */; };
		841DF34E23359FCB00D20B08 /* LaunchScreen.storyboard in Resources */ = {isa = PBXBuildFile; fileRef = 841DF34C23359FCB00D20B08 /* LaunchScreen.storyboard */; };
		841DF3562335AAB700D20B08 /* Plant.swift in Sources */ = {isa = PBXBuildFile; fileRef = 841DF3552335AAB700D20B08 /* Plant.swift */; };
		841DF3582335ACC700D20B08 /* PlantsArrayManager.swift in Sources */ = {isa = PBXBuildFile; fileRef = 841DF3572335ACC700D20B08 /* PlantsArrayManager.swift */; };
/* End PBXBuildFile section */

/* Begin PBXFileReference section */
		841DF34023359FC900D20B08 /* Germination Tracker.app */ = {isa = PBXFileReference; explicitFileType = wrapper.application; includeInIndex = 0; path = "Germination Tracker.app"; sourceTree = BUILT_PRODUCTS_DIR; };
		841DF34323359FC900D20B08 /* AppDelegate.swift */ = {isa = PBXFileReference; lastKnownFileType = sourcecode.swift; path = AppDelegate.swift; sourceTree = "<group>"; };
		841DF34523359FC900D20B08 /* LibraryViewController.swift */ = {isa = PBXFileReference; lastKnownFileType = sourcecode.swift; path = LibraryViewController.swift; sourceTree = "<group>"; };
		841DF34823359FC900D20B08 /* Base */ = {isa = PBXFileReference; lastKnownFileType = file.storyboard; name = Base; path = Base.lproj/Main.storyboard; sourceTree = "<group>"; };
		841DF34A23359FCB00D20B08 /* Assets.xcassets */ = {isa = PBXFileReference; lastKnownFileType = folder.assetcatalog; path = Assets.xcassets; sourceTree = "<group>"; };
		841DF34D23359FCB00D20B08 /* Base */ = {isa = PBXFileReference; lastKnownFileType = file.storyboard; name = Base; path = Base.lproj/LaunchScreen.storyboard; sourceTree = "<group>"; };
		841DF34F23359FCB00D20B08 /* Info.plist */ = {isa = PBXFileReference; lastKnownFileType = text.plist.xml; path = Info.plist; sourceTree = "<group>"; };
		841DF3552335AAB700D20B08 /* Plant.swift */ = {isa = PBXFileReference; lastKnownFileType = sourcecode.swift; path = Plant.swift; sourceTree = "<group>"; };
		841DF3572335ACC700D20B08 /* PlantsArrayManager.swift */ = {isa = PBXFileReference; lastKnownFileType = sourcecode.swift; path = PlantsArrayManager.swift; sourceTree = "<group>"; };
/* End PBXFileReference section */

/* Begin PBXFrameworksBuildPhase section */
		841DF33D23359FC900D20B08 /* Frameworks */ = {
			isa = PBXFrameworksBuildPhase;
			buildActionMask = 2147483647;
			files = (
			);
			runOnlyForDeploymentPostprocessing = 0;
		};
/* End PBXFrameworksBuildPhase section */

/* Begin PBXGroup section */
		841DF33723359FC900D20B08 = {
			isa = PBXGroup;
			children = (
				841DF34223359FC900D20B08 /* Germination Tracker */,
				841DF34123359FC900D20B08 /* Products */,
			);
			sourceTree = "<group>";
		};
		841DF34123359FC900D20B08 /* Products */ = {
			isa = PBXGroup;
			children = (
				841DF34023359FC900D20B08 /* Germination Tracker.app */,
			);
			name = Products;
			sourceTree = "<group>";
		};
		841DF34223359FC900D20B08 /* Germination Tracker */ = {
			isa = PBXGroup;
			children = (
				841DF34323359FC900D20B08 /* AppDelegate.swift */,
				841DF34523359FC900D20B08 /* LibraryViewController.swift */,
				841DF3572335ACC700D20B08 /* PlantsArrayManager.swift */,
				841DF3552335AAB700D20B08 /* Plant.swift */,
				841DF34723359FC900D20B08 /* Main.storyboard */,
				841DF34A23359FCB00D20B08 /* Assets.xcassets */,
				841DF34C23359FCB00D20B08 /* LaunchScreen.storyboard */,
				841DF34F23359FCB00D20B08 /* Info.plist */,
			);
			path = "Germination Tracker";
			sourceTree = "<group>";
		};
/* End PBXGroup section */

/* Begin PBXNativeTarget section */
		841DF33F23359FC900D20B08 /* Germination Tracker */ = {
			isa = PBXNativeTarget;
			buildConfigurationList = 841DF35223359FCB00D20B08 /* Build configuration list for PBXNativeTarget "Germination Tracker" */;
			buildPhases = (
				841DF33C23359FC900D20B08 /* Sources */,
				841DF33D23359FC900D20B08 /* Frameworks */,
				841DF33E23359FC900D20B08 /* Resources */,
			);
			buildRules = (
			);
			dependencies = (
			);
			name = "Germination Tracker";
			productName = "Germination Tracker";
			productReference = 841DF34023359FC900D20B08 /* Germination Tracker.app */;
			productType = "com.apple.product-type.application";
		};
/* End PBXNativeTarget section */

/* Begin PBXProject section */
		841DF33823359FC900D20B08 /* Project object */ = {
			isa = PBXProject;
			attributes = {
				LastSwiftUpdateCheck = 1030;
				LastUpgradeCheck = 1030;
				ORGANIZATIONNAME = "Joshua Cook";
				TargetAttributes = {
					841DF33F23359FC900D20B08 = {
						CreatedOnToolsVersion = 10.3;
					};
				};
			};
			buildConfigurationList = 841DF33B23359FC900D20B08 /* Build configuration list for PBXProject "Germination Tracker" */;
			compatibilityVersion = "Xcode 9.3";
			developmentRegion = en;
			hasScannedForEncodings = 0;
			knownRegions = (
				en,
				Base,
			);
			mainGroup = 841DF33723359FC900D20B08;
			productRefGroup = 841DF34123359FC900D20B08 /* Products */;
			projectDirPath = "";
			projectRoot = "";
			targets = (
				841DF33F23359FC900D20B08 /* Germination Tracker */,
			);
		};
/* End PBXProject section */

/* Begin PBXResourcesBuildPhase section */
		841DF33E23359FC900D20B08 /* Resources */ = {
			isa = PBXResourcesBuildPhase;
			buildActionMask = 2147483647;
			files = (
				841DF34E23359FCB00D20B08 /* LaunchScreen.storyboard in Resources */,
				841DF34B23359FCB00D20B08 /* Assets.xcassets in Resources */,
				841DF34923359FC900D20B08 /* Main.storyboard in Resources */,
			);
			runOnlyForDeploymentPostprocessing = 0;
		};
/* End PBXResourcesBuildPhase section */

/* Begin PBXSourcesBuildPhase section */
		841DF33C23359FC900D20B08 /* Sources */ = {
			isa = PBXSourcesBuildPhase;
			buildActionMask = 2147483647;
			files = (
				841DF34623359FC900D20B08 /* LibraryViewController.swift in Sources */,
				841DF3562335AAB700D20B08 /* Plant.swift in Sources */,
				841DF34423359FC900D20B08 /* AppDelegate.swift in Sources */,
				841DF3582335ACC700D20B08 /* PlantsArrayManager.swift in Sources */,
			);
			runOnlyForDeploymentPostprocessing = 0;
		};
/* End PBXSourcesBuildPhase section */

/* Begin PBXVariantGroup section */
		841DF34723359FC900D20B08 /* Main.storyboard */ = {
			isa = PBXVariantGroup;
			children = (
				841DF34823359FC900D20B08 /* Base */,
			);
			name = Main.storyboard;
			sourceTree = "<group>";
		};
		841DF34C23359FCB00D20B08 /* LaunchScreen.storyboard */ = {
			isa = PBXVariantGroup;
			children = (
				841DF34D23359FCB00D20B08 /* Base */,
			);
			name = LaunchScreen.storyboard;
			sourceTree = "<group>";
		};
/* End PBXVariantGroup section */

/* Begin XCBuildConfiguration section */
		841DF35023359FCB00D20B08 /* Debug */ = {
			isa = XCBuildConfiguration;
			buildSettings = {
				ALWAYS_SEARCH_USER_PATHS = NO;
				CLANG_ANALYZER_NONNULL = YES;
				CLANG_ANALYZER_NUMBER_OBJECT_CONVERSION = YES_AGGRESSIVE;
				CLANG_CXX_LANGUAGE_STANDARD = "gnu++14";
				CLANG_CXX_LIBRARY = "libc++";
				CLANG_ENABLE_MODULES = YES;
				CLANG_ENABLE_OBJC_ARC = YES;
				CLANG_ENABLE_OBJC_WEAK = YES;
				CLANG_WARN_BLOCK_CAPTURE_AUTORELEASING = YES;
				CLANG_WARN_BOOL_CONVERSION = YES;
				CLANG_WARN_COMMA = YES;
				CLANG_WARN_CONSTANT_CONVERSION = YES;
				CLANG_WARN_DEPRECATED_OBJC_IMPLEMENTATIONS = YES;
				CLANG_WARN_DIRECT_OBJC_ISA_USAGE = YES_ERROR;
				CLANG_WARN_DOCUMENTATION_COMMENTS = YES;
				CLANG_WARN_EMPTY_BODY = YES;
				CLANG_WARN_ENUM_CONVERSION = YES;
				CLANG_WARN_INFINITE_RECURSION = YES;
				CLANG_WARN_INT_CONVERSION = YES;
				CLANG_WARN_NON_LITERAL_NULL_CONVERSION = YES;
				CLANG_WARN_OBJC_IMPLICIT_RETAIN_SELF = YES;
				CLANG_WARN_OBJC_LITERAL_CONVERSION = YES;
				CLANG_WARN_OBJC_ROOT_CLASS = YES_ERROR;
				CLANG_WARN_RANGE_LOOP_ANALYSIS = YES;
				CLANG_WARN_STRICT_PROTOTYPES = YES;
				CLANG_WARN_SUSPICIOUS_MOVE = YES;
				CLANG_WARN_UNGUARDED_AVAILABILITY = YES_AGGRESSIVE;
				CLANG_WARN_UNREACHABLE_CODE = YES;
				CLANG_WARN__DUPLICATE_METHOD_MATCH = YES;
				CODE_SIGN_IDENTITY = "iPhone Developer";
				COPY_PHASE_STRIP = NO;
				DEBUG_INFORMATION_FORMAT = dwarf;
				ENABLE_STRICT_OBJC_MSGSEND = YES;
				ENABLE_TESTABILITY = YES;
				GCC_C_LANGUAGE_STANDARD = gnu11;
				GCC_DYNAMIC_NO_PIC = NO;
				GCC_NO_COMMON_BLOCKS = YES;
				GCC_OPTIMIZATION_LEVEL = 0;
				GCC_PREPROCESSOR_DEFINITIONS = (
					"DEBUG=1",
					"$(inherited)",
				);
				GCC_WARN_64_TO_32_BIT_CONVERSION = YES;
				GCC_WARN_ABOUT_RETURN_TYPE = YES_ERROR;
				GCC_WARN_UNDECLARED_SELECTOR = YES;
				GCC_WARN_UNINITIALIZED_AUTOS = YES_AGGRESSIVE;
				GCC_WARN_UNUSED_FUNCTION = YES;
				GCC_WARN_UNUSED_VARIABLE = YES;
				IPHONEOS_DEPLOYMENT_TARGET = 12.4;
				MTL_ENABLE_DEBUG_INFO = INCLUDE_SOURCE;
				MTL_FAST_MATH = YES;
				ONLY_ACTIVE_ARCH = YES;
				SDKROOT = iphoneos;
				SWIFT_ACTIVE_COMPILATION_CONDITIONS = DEBUG;
				SWIFT_OPTIMIZATION_LEVEL = "-Onone";
			};
			name = Debug;
		};
		841DF35123359FCB00D20B08 /* Release */ = {
			isa = XCBuildConfiguration;
			buildSettings = {
				ALWAYS_SEARCH_USER_PATHS = NO;
				CLANG_ANALYZER_NONNULL = YES;
				CLANG_ANALYZER_NUMBER_OBJECT_CONVERSION = YES_AGGRESSIVE;
				CLANG_CXX_LANGUAGE_STANDARD = "gnu++14";
				CLANG_CXX_LIBRARY = "libc++";
				CLANG_ENABLE_MODULES = YES;
				CLANG_ENABLE_OBJC_ARC = YES;
				CLANG_ENABLE_OBJC_WEAK = YES;
				CLANG_WARN_BLOCK_CAPTURE_AUTORELEASING = YES;
				CLANG_WARN_BOOL_CONVERSION = YES;
				CLANG_WARN_COMMA = YES;
				CLANG_WARN_CONSTANT_CONVERSION = YES;
				CLANG_WARN_DEPRECATED_OBJC_IMPLEMENTATIONS = YES;
				CLANG_WARN_DIRECT_OBJC_ISA_USAGE = YES_ERROR;
				CLANG_WARN_DOCUMENTATION_COMMENTS = YES;
				CLANG_WARN_EMPTY_BODY = YES;
				CLANG_WARN_ENUM_CONVERSION = YES;
				CLANG_WARN_INFINITE_RECURSION = YES;
				CLANG_WARN_INT_CONVERSION = YES;
				CLANG_WARN_NON_LITERAL_NULL_CONVERSION = YES;
				CLANG_WARN_OBJC_IMPLICIT_RETAIN_SELF = YES;
				CLANG_WARN_OBJC_LITERAL_CONVERSION = YES;
				CLANG_WARN_OBJC_ROOT_CLASS = YES_ERROR;
				CLANG_WARN_RANGE_LOOP_ANALYSIS = YES;
				CLANG_WARN_STRICT_PROTOTYPES = YES;
				CLANG_WARN_SUSPICIOUS_MOVE = YES;
				CLANG_WARN_UNGUARDED_AVAILABILITY = YES_AGGRESSIVE;
				CLANG_WARN_UNREACHABLE_CODE = YES;
				CLANG_WARN__DUPLICATE_METHOD_MATCH = YES;
				CODE_SIGN_IDENTITY = "iPhone Developer";
				COPY_PHASE_STRIP = NO;
				DEBUG_INFORMATION_FORMAT = "dwarf-with-dsym";
				ENABLE_NS_ASSERTIONS = NO;
				ENABLE_STRICT_OBJC_MSGSEND = YES;
				GCC_C_LANGUAGE_STANDARD = gnu11;
				GCC_NO_COMMON_BLOCKS = YES;
				GCC_WARN_64_TO_32_BIT_CONVERSION = YES;
				GCC_WARN_ABOUT_RETURN_TYPE = YES_ERROR;
				GCC_WARN_UNDECLARED_SELECTOR = YES;
				GCC_WARN_UNINITIALIZED_AUTOS = YES_AGGRESSIVE;
				GCC_WARN_UNUSED_FUNCTION = YES;
				GCC_WARN_UNUSED_VARIABLE = YES;
				IPHONEOS_DEPLOYMENT_TARGET = 12.4;
				MTL_ENABLE_DEBUG_INFO = NO;
				MTL_FAST_MATH = YES;
				SDKROOT = iphoneos;
				SWIFT_COMPILATION_MODE = wholemodule;
				SWIFT_OPTIMIZATION_LEVEL = "-O";
				VALIDATE_PRODUCT = YES;
			};
			name = Release;
		};
		841DF35323359FCB00D20B08 /* Debug */ = {
			isa = XCBuildConfiguration;
			buildSettings = {
				ASSETCATALOG_COMPILER_APPICON_NAME = AppIcon;
				CODE_SIGN_STYLE = Automatic;
				DEVELOPMENT_TEAM = CRMHYJ9F9F;
				INFOPLIST_FILE = "Germination Tracker/Info.plist";
				LD_RUNPATH_SEARCH_PATHS = (
					"$(inherited)",
					"@executable_path/Frameworks",
				);
				PRODUCT_BUNDLE_IDENTIFIER = "com.joshuacook.Germination-Tracker";
				PRODUCT_NAME = "$(TARGET_NAME)";
				SWIFT_VERSION = 5.0;
				TARGETED_DEVICE_FAMILY = "1,2";
			};
			name = Debug;
		};
		841DF35423359FCB00D20B08 /* Release */ = {
			isa = XCBuildConfiguration;
			buildSettings = {
				ASSETCATALOG_COMPILER_APPICON_NAME = AppIcon;
				CODE_SIGN_STYLE = Automatic;
				DEVELOPMENT_TEAM = CRMHYJ9F9F;
				INFOPLIST_FILE = "Germination Tracker/Info.plist";
				LD_RUNPATH_SEARCH_PATHS = (
					"$(inherited)",
					"@executable_path/Frameworks",
				);
				PRODUCT_BUNDLE_IDENTIFIER = "com.joshuacook.Germination-Tracker";
				PRODUCT_NAME = "$(TARGET_NAME)";
				SWIFT_VERSION = 5.0;
				TARGETED_DEVICE_FAMILY = "1,2";
			};
			name = Release;
		};
/* End XCBuildConfiguration section */

/* Begin XCConfigurationList section */
		841DF33B23359FC900D20B08 /* Build configuration list for PBXProject "Germination Tracker" */ = {
			isa = XCConfigurationList;
			buildConfigurations = (
				841DF35023359FCB00D20B08 /* Debug */,
				841DF35123359FCB00D20B08 /* Release */,
			);
			defaultConfigurationIsVisible = 0;
			defaultConfigurationName = Release;
		};
		841DF35223359FCB00D20B08 /* Build configuration list for PBXNativeTarget "Germination Tracker" */ = {
			isa = XCConfigurationList;
			buildConfigurations = (
				841DF35323359FCB00D20B08 /* Debug */,
				841DF35423359FCB00D20B08 /* Release */,
			);
			defaultConfigurationIsVisible = 0;
			defaultConfigurationName = Release;
		};
/* End XCConfigurationList section */
	};
	rootObject = 841DF33823359FC900D20B08 /* Project object */;
}
